
Microsoft Visual Studio Solution File, Format Version 12.00
Project("{FAE04EC0-301F-11D3-BF4B-00C04F79EFBC}") = "DesktopApplication", "DesktopApplication\DesktopApplication.csproj", "{87585E40-EA0A-4930-BAB9-FDEAF4E236DD}"
EndProject
Global
	GlobalSection(SolutionConfigurationPlatforms) = preSolution
		Debug|Any CPU = Debug|Any CPU
		Release|Any CPU = Release|Any CPU
	EndGlobalSection
	GlobalSection(ProjectConfigurationPlatforms) = postSolution
		{87585E40-EA0A-4930-BAB9-FDEAF4E236DD}.Debug|Any CPU.ActiveCfg = Debug|Any CPU
		{87585E40-EA0A-4930-BAB9-FDEAF4E236DD}.Debug|Any CPU.Build.0 = Debug|Any CPU
		{87585E40-EA0A-4930-BAB9-FDEAF4E236DD}.Release|Any CPU.ActiveCfg = Release|Any CPU
		{87585E40-EA0A-4930-BAB9-FDEAF4E236DD}.Release|Any CPU.Build.0 = Release|Any CPU
	EndGlobalSection
EndGlobal
