
Microsoft Visual Studio Solution File, Format Version 12.00
# Visual Studio Version 17
VisualStudioVersion = 17.5.33502.453
MinimumVisualStudioVersion = 10.0.40219.1
Project("{9A19103F-16F7-4668-BE54-9A1E7A4F7556}") = "UniversityManagement", "UniversityManagementApp\UniversityManagement.csproj", "{87585E40-EA0A-4930-BAB9-FDEAF4E236DD}"
EndProject
Project("{FAE04EC0-301F-11D3-BF4B-00C04F79EFBC}") = "UniversityManagement.UnitTests", "UniversityManagementUnitTests\UniversityManagement.UnitTests.csproj", "{18D27000-EC13-4293-84F6-5A0CE14A3A83}"
EndProject
Global
	GlobalSection(SolutionConfigurationPlatforms) = preSolution
		Debug|Any CPU = Debug|Any CPU
		Release|Any CPU = Release|Any CPU
	EndGlobalSection
	GlobalSection(ProjectConfigurationPlatforms) = postSolution
		{87585E40-EA0A-4930-BAB9-FDEAF4E236DD}.Debug|Any CPU.ActiveCfg = Debug|Any CPU
		{87585E40-EA0A-4930-BAB9-FDEAF4E236DD}.Debug|Any CPU.Build.0 = Debug|Any CPU
		{87585E40-EA0A-4930-BAB9-FDEAF4E236DD}.Release|Any CPU.ActiveCfg = Release|Any CPU
		{87585E40-EA0A-4930-BAB9-FDEAF4E236DD}.Release|Any CPU.Build.0 = Release|Any CPU
		{18D27000-EC13-4293-84F6-5A0CE14A3A83}.Debug|Any CPU.ActiveCfg = Debug|Any CPU
		{18D27000-EC13-4293-84F6-5A0CE14A3A83}.Debug|Any CPU.Build.0 = Debug|Any CPU
		{18D27000-EC13-4293-84F6-5A0CE14A3A83}.Release|Any CPU.ActiveCfg = Release|Any CPU
		{18D27000-EC13-4293-84F6-5A0CE14A3A83}.Release|Any CPU.Build.0 = Release|Any CPU
	EndGlobalSection
	GlobalSection(SolutionProperties) = preSolution
		HideSolutionNode = FALSE
	EndGlobalSection
	GlobalSection(ExtensibilityGlobals) = postSolution
		SolutionGuid = {E9D7EB0C-7A3D-4129-B91E-1443B3D0DBF5}
	EndGlobalSection
EndGlobal
